// !$*UTF8*$!
{
	archiveVersion = 1;
	classes = {
	};
	objectVersion = 56;
	objects = {

/* Begin PBXBuildFile section */
		20002FF12B01A149005C7329 /* PostosEletricosApp.swift in Sources */ = {isa = PBXBuildFile; fileRef = 20002FF02B01A149005C7329 /* PostosEletricosApp.swift */; };
		20002FF32B01A149005C7329 /* MapHeaderView.swift in Sources */ = {isa = PBXBuildFile; fileRef = 20002FF22B01A149005C7329 /* MapHeaderView.swift */; };
		20002FF52B01A14B005C7329 /* Assets.xcassets in Resources */ = {isa = PBXBuildFile; fileRef = 20002FF42B01A14B005C7329 /* Assets.xcassets */; };
		20002FF82B01A14B005C7329 /* Preview Assets.xcassets in Resources */ = {isa = PBXBuildFile; fileRef = 20002FF72B01A14B005C7329 /* Preview Assets.xcassets */; };
		2031333D2B9CFF470093CDC2 /* LocationService.swift in Sources */ = {isa = PBXBuildFile; fileRef = 2031333C2B9CFF470093CDC2 /* LocationService.swift */; };
		2072183A2BA0B6C4005A136A /* BottomMapDetailsView.swift in Sources */ = {isa = PBXBuildFile; fileRef = 207218392BA0B6C4005A136A /* BottomMapDetailsView.swift */; };
		207AF3E22B9E804F002AE17D /* MapApps.swift in Sources */ = {isa = PBXBuildFile; fileRef = 207AF3E12B9E804F002AE17D /* MapApps.swift */; };
		207AF3E42B9E80B8002AE17D /* URL+Ext.swift in Sources */ = {isa = PBXBuildFile; fileRef = 207AF3E32B9E80B8002AE17D /* URL+Ext.swift */; };
		207AF3EB2B9E820A002AE17D /* UIViewController+Ext.swift in Sources */ = {isa = PBXBuildFile; fileRef = 207AF3EA2B9E820A002AE17D /* UIViewController+Ext.swift */; };
		207AF3EE2B9EA109002AE17D /* Lottie in Frameworks */ = {isa = PBXBuildFile; productRef = 207AF3ED2B9EA109002AE17D /* Lottie */; };
		207AF3F22B9EA3C1002AE17D /* MapUserAnnotation.swift in Sources */ = {isa = PBXBuildFile; fileRef = 207AF3F12B9EA3C1002AE17D /* MapUserAnnotation.swift */; };
		207AF3F42B9EA8BA002AE17D /* user-location-anim.json in Resources */ = {isa = PBXBuildFile; fileRef = 207AF3F32B9EA8BA002AE17D /* user-location-anim.json */; };
		207EF3F62B9CAFD600EF46CF /* SecretsKeys.swift in Sources */ = {isa = PBXBuildFile; fileRef = 207EF3F52B9CAFD600EF46CF /* SecretsKeys.swift */; };
		207EF3F82B9CAFF500EF46CF /* MapView.swift in Sources */ = {isa = PBXBuildFile; fileRef = 207EF3F72B9CAFF500EF46CF /* MapView.swift */; };
		207EF3FB2B9CB08900EF46CF /* CombineMoya in Frameworks */ = {isa = PBXBuildFile; productRef = 207EF3FA2B9CB08900EF46CF /* CombineMoya */; };
		207EF3FD2B9CB08900EF46CF /* Moya in Frameworks */ = {isa = PBXBuildFile; productRef = 207EF3FC2B9CB08900EF46CF /* Moya */; };
		207EF3FF2B9CB08900EF46CF /* ReactiveMoya in Frameworks */ = {isa = PBXBuildFile; productRef = 207EF3FE2B9CB08900EF46CF /* ReactiveMoya */; };
		207EF4012B9CB08900EF46CF /* RxMoya in Frameworks */ = {isa = PBXBuildFile; productRef = 207EF4002B9CB08900EF46CF /* RxMoya */; };
		207EF40D2B9CB2E200EF46CF /* GooglePlaces in Frameworks */ = {isa = PBXBuildFile; productRef = 207EF40C2B9CB2E200EF46CF /* GooglePlaces */; };
		207EF40F2B9CB32500EF46CF /* GoogleMapsAPI.swift in Sources */ = {isa = PBXBuildFile; fileRef = 207EF40E2B9CB32500EF46CF /* GoogleMapsAPI.swift */; };
		207EF4112B9CB35000EF46CF /* NetworkConfig.swift in Sources */ = {isa = PBXBuildFile; fileRef = 207EF4102B9CB35000EF46CF /* NetworkConfig.swift */; };
		207EF4132B9CB36F00EF46CF /* GooglePlacesResponse.swift in Sources */ = {isa = PBXBuildFile; fileRef = 207EF4122B9CB36F00EF46CF /* GooglePlacesResponse.swift */; };
		208321A42B9FB98B00F83542 /* LocationPreviewLookAroundView.swift in Sources */ = {isa = PBXBuildFile; fileRef = 208321A32B9FB98B00F83542 /* LocationPreviewLookAroundView.swift */; };
		20BA43C82BAF3F1300795AB5 /* Secrets.plist in Resources */ = {isa = PBXBuildFile; fileRef = 20BA43C72BAF3F1300795AB5 /* Secrets.plist */; };
		20BA43CA2BAF3FB400795AB5 /* SecretsManager.swift in Sources */ = {isa = PBXBuildFile; fileRef = 20BA43C92BAF3FB400795AB5 /* SecretsManager.swift */; };
		20BA43CF2BAF574800795AB5 /* ToastView.swift in Sources */ = {isa = PBXBuildFile; fileRef = 20BA43CE2BAF574800795AB5 /* ToastView.swift */; };
		20BA43D52BAF57AA00795AB5 /* ToastModifier.swift in Sources */ = {isa = PBXBuildFile; fileRef = 20BA43D42BAF57AA00795AB5 /* ToastModifier.swift */; };
		20BA43D82BAF585500795AB5 /* View+Ext.swift in Sources */ = {isa = PBXBuildFile; fileRef = 20BA43D72BAF585500795AB5 /* View+Ext.swift */; };
		20C0EC4C2BAE3A81009C52FF /* FetchState.swift in Sources */ = {isa = PBXBuildFile; fileRef = 20C0EC4B2BAE3A81009C52FF /* FetchState.swift */; };
		20C5ED622BA9EC640092AB11 /* splash-anim.json in Resources */ = {isa = PBXBuildFile; fileRef = 20C5ED612BA9EC640092AB11 /* splash-anim.json */; };
		20C6B1A92BAE20DB00B113F3 /* FindInAreaButton.swift in Sources */ = {isa = PBXBuildFile; fileRef = 20C6B1A82BAE20DA00B113F3 /* FindInAreaButton.swift */; };
		20CBCD462B9CBE1C008D01AA /* MapViewModel.swift in Sources */ = {isa = PBXBuildFile; fileRef = 20CBCD452B9CBE1C008D01AA /* MapViewModel.swift */; };
		20CBCD482B9CD334008D01AA /* Injection+Services.swift in Sources */ = {isa = PBXBuildFile; fileRef = 20CBCD472B9CD334008D01AA /* Injection+Services.swift */; };
		20CBCD4B2B9CD36E008D01AA /* Injection+PropertyWrapper.swift in Sources */ = {isa = PBXBuildFile; fileRef = 20CBCD4A2B9CD36E008D01AA /* Injection+PropertyWrapper.swift */; };
		20FCF7632BAF1E33004A5495 /* Pulse in Frameworks */ = {isa = PBXBuildFile; productRef = 20FCF7622BAF1E33004A5495 /* Pulse */; };
		20FCF7652BAF1E33004A5495 /* PulseUI in Frameworks */ = {isa = PBXBuildFile; productRef = 20FCF7642BAF1E33004A5495 /* PulseUI */; };
		20FCF7682BAF2361004A5495 /* ShakeDevice+Ext.swift in Sources */ = {isa = PBXBuildFile; fileRef = 20FCF7672BAF2361004A5495 /* ShakeDevice+Ext.swift */; };
		20FCF76A2BAF2AA2004A5495 /* PrintLog.swift in Sources */ = {isa = PBXBuildFile; fileRef = 20FCF7692BAF2AA2004A5495 /* PrintLog.swift */; };
		20FCF76C2BAF2AC7004A5495 /* LogHandler.swift in Sources */ = {isa = PBXBuildFile; fileRef = 20FCF76B2BAF2AC7004A5495 /* LogHandler.swift */; };
		20FCF7702BAF2B3B004A5495 /* Logging+Ext.swift in Sources */ = {isa = PBXBuildFile; fileRef = 20FCF76F2BAF2B3B004A5495 /* Logging+Ext.swift */; };
		20FCF7732BAF2B5B004A5495 /* Logging in Frameworks */ = {isa = PBXBuildFile; productRef = 20FCF7722BAF2B5B004A5495 /* Logging */; };
		20FCF7762BAF2B6D004A5495 /* PulseLogHandler in Frameworks */ = {isa = PBXBuildFile; productRef = 20FCF7752BAF2B6D004A5495 /* PulseLogHandler */; };
		271B50C42BB75A9100C4C684 /* AnimatedSplashView.swift in Sources */ = {isa = PBXBuildFile; fileRef = 271B50C32BB75A9100C4C684 /* AnimatedSplashView.swift */; };
		271B50C62BB8A35100C4C684 /* HProgressView.swift in Sources */ = {isa = PBXBuildFile; fileRef = 271B50C52BB8A35100C4C684 /* HProgressView.swift */; };
/* End PBXBuildFile section */

/* Begin PBXFileReference section */
		20002FED2B01A149005C7329 /* PostosEletricos.app */ = {isa = PBXFileReference; explicitFileType = wrapper.application; includeInIndex = 0; path = PostosEletricos.app; sourceTree = BUILT_PRODUCTS_DIR; };
		20002FF02B01A149005C7329 /* PostosEletricosApp.swift */ = {isa = PBXFileReference; lastKnownFileType = sourcecode.swift; path = PostosEletricosApp.swift; sourceTree = "<group>"; };
		20002FF22B01A149005C7329 /* MapHeaderView.swift */ = {isa = PBXFileReference; lastKnownFileType = sourcecode.swift; path = MapHeaderView.swift; sourceTree = "<group>"; };
		20002FF42B01A14B005C7329 /* Assets.xcassets */ = {isa = PBXFileReference; lastKnownFileType = folder.assetcatalog; path = Assets.xcassets; sourceTree = "<group>"; };
		20002FF72B01A14B005C7329 /* Preview Assets.xcassets */ = {isa = PBXFileReference; lastKnownFileType = folder.assetcatalog; path = "Preview Assets.xcassets"; sourceTree = "<group>"; };
		2031333C2B9CFF470093CDC2 /* LocationService.swift */ = {isa = PBXFileReference; lastKnownFileType = sourcecode.swift; path = LocationService.swift; sourceTree = "<group>"; };
		207218392BA0B6C4005A136A /* BottomMapDetailsView.swift */ = {isa = PBXFileReference; lastKnownFileType = sourcecode.swift; path = BottomMapDetailsView.swift; sourceTree = "<group>"; };
		207AF3E12B9E804F002AE17D /* MapApps.swift */ = {isa = PBXFileReference; lastKnownFileType = sourcecode.swift; path = MapApps.swift; sourceTree = "<group>"; };
		207AF3E32B9E80B8002AE17D /* URL+Ext.swift */ = {isa = PBXFileReference; lastKnownFileType = sourcecode.swift; path = "URL+Ext.swift"; sourceTree = "<group>"; };
		207AF3EA2B9E820A002AE17D /* UIViewController+Ext.swift */ = {isa = PBXFileReference; lastKnownFileType = sourcecode.swift; path = "UIViewController+Ext.swift"; sourceTree = "<group>"; };
		207AF3F12B9EA3C1002AE17D /* MapUserAnnotation.swift */ = {isa = PBXFileReference; lastKnownFileType = sourcecode.swift; path = MapUserAnnotation.swift; sourceTree = "<group>"; };
		207AF3F32B9EA8BA002AE17D /* user-location-anim.json */ = {isa = PBXFileReference; fileEncoding = 4; lastKnownFileType = text.json; path = "user-location-anim.json"; sourceTree = "<group>"; };
		207EF3F52B9CAFD600EF46CF /* SecretsKeys.swift */ = {isa = PBXFileReference; lastKnownFileType = sourcecode.swift; path = SecretsKeys.swift; sourceTree = "<group>"; };
		207EF3F72B9CAFF500EF46CF /* MapView.swift */ = {isa = PBXFileReference; lastKnownFileType = sourcecode.swift; path = MapView.swift; sourceTree = "<group>"; };
		207EF40E2B9CB32500EF46CF /* GoogleMapsAPI.swift */ = {isa = PBXFileReference; lastKnownFileType = sourcecode.swift; path = GoogleMapsAPI.swift; sourceTree = "<group>"; };
		207EF4102B9CB35000EF46CF /* NetworkConfig.swift */ = {isa = PBXFileReference; lastKnownFileType = sourcecode.swift; path = NetworkConfig.swift; sourceTree = "<group>"; };
		207EF4122B9CB36F00EF46CF /* GooglePlacesResponse.swift */ = {isa = PBXFileReference; lastKnownFileType = sourcecode.swift; path = GooglePlacesResponse.swift; sourceTree = "<group>"; };
		208321A32B9FB98B00F83542 /* LocationPreviewLookAroundView.swift */ = {isa = PBXFileReference; lastKnownFileType = sourcecode.swift; path = LocationPreviewLookAroundView.swift; sourceTree = "<group>"; };
		20BA43C72BAF3F1300795AB5 /* Secrets.plist */ = {isa = PBXFileReference; lastKnownFileType = text.plist.xml; path = Secrets.plist; sourceTree = "<group>"; };
		20BA43C92BAF3FB400795AB5 /* SecretsManager.swift */ = {isa = PBXFileReference; lastKnownFileType = sourcecode.swift; path = SecretsManager.swift; sourceTree = "<group>"; };
		20BA43CE2BAF574800795AB5 /* ToastView.swift */ = {isa = PBXFileReference; lastKnownFileType = sourcecode.swift; path = ToastView.swift; sourceTree = "<group>"; };
		20BA43D42BAF57AA00795AB5 /* ToastModifier.swift */ = {isa = PBXFileReference; lastKnownFileType = sourcecode.swift; path = ToastModifier.swift; sourceTree = "<group>"; };
		20BA43D72BAF585500795AB5 /* View+Ext.swift */ = {isa = PBXFileReference; lastKnownFileType = sourcecode.swift; path = "View+Ext.swift"; sourceTree = "<group>"; };
		20C0EC4B2BAE3A81009C52FF /* FetchState.swift */ = {isa = PBXFileReference; lastKnownFileType = sourcecode.swift; path = FetchState.swift; sourceTree = "<group>"; };
		20C5ED612BA9EC640092AB11 /* splash-anim.json */ = {isa = PBXFileReference; fileEncoding = 4; lastKnownFileType = text.json; path = "splash-anim.json"; sourceTree = "<group>"; };
		20C6B1A82BAE20DA00B113F3 /* FindInAreaButton.swift */ = {isa = PBXFileReference; lastKnownFileType = sourcecode.swift; path = FindInAreaButton.swift; sourceTree = "<group>"; };
		20CBCD452B9CBE1C008D01AA /* MapViewModel.swift */ = {isa = PBXFileReference; lastKnownFileType = sourcecode.swift; path = MapViewModel.swift; sourceTree = "<group>"; };
		20CBCD472B9CD334008D01AA /* Injection+Services.swift */ = {isa = PBXFileReference; lastKnownFileType = sourcecode.swift; path = "Injection+Services.swift"; sourceTree = "<group>"; };
		20CBCD4A2B9CD36E008D01AA /* Injection+PropertyWrapper.swift */ = {isa = PBXFileReference; lastKnownFileType = sourcecode.swift; path = "Injection+PropertyWrapper.swift"; sourceTree = "<group>"; };
		20FCF7662BAF2140004A5495 /* Info.plist */ = {isa = PBXFileReference; lastKnownFileType = text.plist; path = Info.plist; sourceTree = "<group>"; };
		20FCF7672BAF2361004A5495 /* ShakeDevice+Ext.swift */ = {isa = PBXFileReference; lastKnownFileType = sourcecode.swift; path = "ShakeDevice+Ext.swift"; sourceTree = "<group>"; };
		20FCF7692BAF2AA2004A5495 /* PrintLog.swift */ = {isa = PBXFileReference; lastKnownFileType = sourcecode.swift; path = PrintLog.swift; sourceTree = "<group>"; };
		20FCF76B2BAF2AC7004A5495 /* LogHandler.swift */ = {isa = PBXFileReference; lastKnownFileType = sourcecode.swift; path = LogHandler.swift; sourceTree = "<group>"; };
		20FCF76F2BAF2B3B004A5495 /* Logging+Ext.swift */ = {isa = PBXFileReference; lastKnownFileType = sourcecode.swift; path = "Logging+Ext.swift"; sourceTree = "<group>"; };
		271B50C32BB75A9100C4C684 /* AnimatedSplashView.swift */ = {isa = PBXFileReference; lastKnownFileType = sourcecode.swift; path = AnimatedSplashView.swift; sourceTree = "<group>"; };
		271B50C52BB8A35100C4C684 /* HProgressView.swift */ = {isa = PBXFileReference; lastKnownFileType = sourcecode.swift; path = HProgressView.swift; sourceTree = "<group>"; };
/* End PBXFileReference section */

/* Begin PBXFrameworksBuildPhase section */
		20002FEA2B01A149005C7329 /* Frameworks */ = {
			isa = PBXFrameworksBuildPhase;
			buildActionMask = 2147483647;
			files = (
				20FCF7732BAF2B5B004A5495 /* Logging in Frameworks */,
				207EF3FD2B9CB08900EF46CF /* Moya in Frameworks */,
				207EF3FB2B9CB08900EF46CF /* CombineMoya in Frameworks */,
				207EF4012B9CB08900EF46CF /* RxMoya in Frameworks */,
				20FCF7632BAF1E33004A5495 /* Pulse in Frameworks */,
				207EF40D2B9CB2E200EF46CF /* GooglePlaces in Frameworks */,
				207EF3FF2B9CB08900EF46CF /* ReactiveMoya in Frameworks */,
				20FCF7652BAF1E33004A5495 /* PulseUI in Frameworks */,
				20FCF7762BAF2B6D004A5495 /* PulseLogHandler in Frameworks */,
				207AF3EE2B9EA109002AE17D /* Lottie in Frameworks */,
			);
			runOnlyForDeploymentPostprocessing = 0;
		};
/* End PBXFrameworksBuildPhase section */

/* Begin PBXGroup section */
		20002FE42B01A149005C7329 = {
			isa = PBXGroup;
			children = (
				20002FEF2B01A149005C7329 /* PostosEletricos */,
				20002FEE2B01A149005C7329 /* Products */,
			);
			sourceTree = "<group>";
		};
		20002FEE2B01A149005C7329 /* Products */ = {
			isa = PBXGroup;
			children = (
				20002FED2B01A149005C7329 /* PostosEletricos.app */,
			);
			name = Products;
			sourceTree = "<group>";
		};
		20002FEF2B01A149005C7329 /* PostosEletricos */ = {
			isa = PBXGroup;
			children = (
				20FCF7662BAF2140004A5495 /* Info.plist */,
				20BA43C72BAF3F1300795AB5 /* Secrets.plist */,
				20002FF02B01A149005C7329 /* PostosEletricosApp.swift */,
				203133422B9D04550093CDC2 /* Data */,
				203133412B9D04440093CDC2 /* Domain */,
				2031333F2B9D041A0093CDC2 /* Presentation */,
				20CBCD492B9CD338008D01AA /* DI */,
				20FCF7772BAF2BDF004A5495 /* Common */,
				20002FF62B01A14B005C7329 /* Preview Content */,
			);
			path = PostosEletricos;
			sourceTree = "<group>";
		};
		20002FF62B01A14B005C7329 /* Preview Content */ = {
			isa = PBXGroup;
			children = (
				20002FF72B01A14B005C7329 /* Preview Assets.xcassets */,
			);
			path = "Preview Content";
			sourceTree = "<group>";
		};
		2031333E2B9D040B0093CDC2 /* MapView */ = {
			isa = PBXGroup;
			children = (
				20CB5BC12B9D0CDF00C42659 /* View */,
				20CB5BC22B9D0CEA00C42659 /* ViewModel */,
			);
			path = MapView;
			sourceTree = "<group>";
		};
		2031333F2B9D041A0093CDC2 /* Presentation */ = {
			isa = PBXGroup;
			children = (
				203133402B9D04260093CDC2 /* Features */,
				20BA43D02BAF574B00795AB5 /* Components */,
			);
			path = Presentation;
			sourceTree = "<group>";
		};
		203133402B9D04260093CDC2 /* Features */ = {
			isa = PBXGroup;
			children = (
				2031333E2B9D040B0093CDC2 /* MapView */,
				20C5ED602BA9E9A60092AB11 /* Splash */,
			);
			path = Features;
			sourceTree = "<group>";
		};
		203133412B9D04440093CDC2 /* Domain */ = {
			isa = PBXGroup;
			children = (
				20CB5BBF2B9D0C5000C42659 /* Network */,
				207AF3E82B9E8187002AE17D /* Services */,
				207AF3E92B9E8196002AE17D /* GoogleMaps */,
				207AF3E12B9E804F002AE17D /* MapApps.swift */,
			);
			path = Domain;
			sourceTree = "<group>";
		};
		203133422B9D04550093CDC2 /* Data */ = {
			isa = PBXGroup;
			children = (
				207EF4122B9CB36F00EF46CF /* GooglePlacesResponse.swift */,
				20C0EC4B2BAE3A81009C52FF /* FetchState.swift */,
				20BA43CB2BAF434B00795AB5 /* Secrets */,
			);
			path = Data;
			sourceTree = "<group>";
		};
		203133432B9D04A50093CDC2 /* Resources */ = {
			isa = PBXGroup;
			children = (
				207AF3F62B9EA8D1002AE17D /* Json */,
				20002FF42B01A14B005C7329 /* Assets.xcassets */,
			);
			path = Resources;
			sourceTree = "<group>";
		};
		207AF3E72B9E8165002AE17D /* Extensions */ = {
			isa = PBXGroup;
			children = (
				207AF3E32B9E80B8002AE17D /* URL+Ext.swift */,
				207AF3EA2B9E820A002AE17D /* UIViewController+Ext.swift */,
				20FCF7672BAF2361004A5495 /* ShakeDevice+Ext.swift */,
				20BA43D72BAF585500795AB5 /* View+Ext.swift */,
			);
			path = Extensions;
			sourceTree = "<group>";
		};
		207AF3E82B9E8187002AE17D /* Services */ = {
			isa = PBXGroup;
			children = (
				2031333C2B9CFF470093CDC2 /* LocationService.swift */,
			);
			path = Services;
			sourceTree = "<group>";
		};
		207AF3E92B9E8196002AE17D /* GoogleMaps */ = {
			isa = PBXGroup;
			children = (
				207EF40E2B9CB32500EF46CF /* GoogleMapsAPI.swift */,
			);
			path = GoogleMaps;
			sourceTree = "<group>";
		};
		207AF3F52B9EA8C0002AE17D /* Anim */ = {
			isa = PBXGroup;
			children = (
				20C5ED612BA9EC640092AB11 /* splash-anim.json */,
				207AF3F32B9EA8BA002AE17D /* user-location-anim.json */,
			);
			path = Anim;
			sourceTree = "<group>";
		};
		207AF3F62B9EA8D1002AE17D /* Json */ = {
			isa = PBXGroup;
			children = (
				207AF3F52B9EA8C0002AE17D /* Anim */,
			);
			path = Json;
			sourceTree = "<group>";
		};
		20BA43CB2BAF434B00795AB5 /* Secrets */ = {
			isa = PBXGroup;
			children = (
				20BA43CD2BAF436300795AB5 /* SecretsKeys */,
				20BA43CC2BAF435300795AB5 /* Manager */,
			);
			path = Secrets;
			sourceTree = "<group>";
		};
		20BA43CC2BAF435300795AB5 /* Manager */ = {
			isa = PBXGroup;
			children = (
				20BA43C92BAF3FB400795AB5 /* SecretsManager.swift */,
			);
			path = Manager;
			sourceTree = "<group>";
		};
		20BA43CD2BAF436300795AB5 /* SecretsKeys */ = {
			isa = PBXGroup;
			children = (
				207EF3F52B9CAFD600EF46CF /* SecretsKeys.swift */,
			);
			path = SecretsKeys;
			sourceTree = "<group>";
		};
		20BA43D02BAF574B00795AB5 /* Components */ = {
			isa = PBXGroup;
			children = (
				20BA43D12BAF576D00795AB5 /* Toast */,
				271B50C72BB8A35900C4C684 /* HProgressView */,
			);
			path = Components;
			sourceTree = "<group>";
		};
		20BA43D12BAF576D00795AB5 /* Toast */ = {
			isa = PBXGroup;
			children = (
				20BA43CE2BAF574800795AB5 /* ToastView.swift */,
			);
			path = Toast;
			sourceTree = "<group>";
		};
		20BA43D62BAF57CB00795AB5 /* Modifiers */ = {
			isa = PBXGroup;
			children = (
				20BA43D42BAF57AA00795AB5 /* ToastModifier.swift */,
			);
			path = Modifiers;
			sourceTree = "<group>";
		};
		20C5ED602BA9E9A60092AB11 /* Splash */ = {
			isa = PBXGroup;
			children = (
				271B50C32BB75A9100C4C684 /* AnimatedSplashView.swift */,
			);
			path = Splash;
			sourceTree = "<group>";
		};
		20CB5BBF2B9D0C5000C42659 /* Network */ = {
			isa = PBXGroup;
			children = (
				207EF4102B9CB35000EF46CF /* NetworkConfig.swift */,
			);
			path = Network;
			sourceTree = "<group>";
		};
		20CB5BC12B9D0CDF00C42659 /* View */ = {
			isa = PBXGroup;
			children = (
				207EF3F72B9CAFF500EF46CF /* MapView.swift */,
				20002FF22B01A149005C7329 /* MapHeaderView.swift */,
				207AF3F12B9EA3C1002AE17D /* MapUserAnnotation.swift */,
				208321A32B9FB98B00F83542 /* LocationPreviewLookAroundView.swift */,
				207218392BA0B6C4005A136A /* BottomMapDetailsView.swift */,
				20C6B1A82BAE20DA00B113F3 /* FindInAreaButton.swift */,
			);
			path = View;
			sourceTree = "<group>";
		};
		20CB5BC22B9D0CEA00C42659 /* ViewModel */ = {
			isa = PBXGroup;
			children = (
				20CBCD452B9CBE1C008D01AA /* MapViewModel.swift */,
			);
			path = ViewModel;
			sourceTree = "<group>";
		};
		20CBCD492B9CD338008D01AA /* DI */ = {
			isa = PBXGroup;
			children = (
				20CBCD472B9CD334008D01AA /* Injection+Services.swift */,
				20CBCD4A2B9CD36E008D01AA /* Injection+PropertyWrapper.swift */,
			);
			path = DI;
			sourceTree = "<group>";
		};
		20FCF76D2BAF2B1D004A5495 /* PrintLog */ = {
			isa = PBXGroup;
			children = (
				20FCF7692BAF2AA2004A5495 /* PrintLog.swift */,
				20FCF76B2BAF2AC7004A5495 /* LogHandler.swift */,
				20FCF76F2BAF2B3B004A5495 /* Logging+Ext.swift */,
			);
			path = PrintLog;
			sourceTree = "<group>";
		};
		20FCF76E2BAF2B28004A5495 /* Utils */ = {
			isa = PBXGroup;
			children = (
				20FCF76D2BAF2B1D004A5495 /* PrintLog */,
			);
			path = Utils;
			sourceTree = "<group>";
		};
		20FCF7772BAF2BDF004A5495 /* Common */ = {
			isa = PBXGroup;
			children = (
				207AF3E72B9E8165002AE17D /* Extensions */,
				20BA43D62BAF57CB00795AB5 /* Modifiers */,
				203133432B9D04A50093CDC2 /* Resources */,
				20FCF76E2BAF2B28004A5495 /* Utils */,
			);
			path = Common;
			sourceTree = "<group>";
		};
		271B50C72BB8A35900C4C684 /* HProgressView */ = {
			isa = PBXGroup;
			children = (
				271B50C52BB8A35100C4C684 /* HProgressView.swift */,
			);
			path = HProgressView;
			sourceTree = "<group>";
		};
/* End PBXGroup section */

/* Begin PBXNativeTarget section */
		20002FEC2B01A149005C7329 /* PostosEletricos */ = {
			isa = PBXNativeTarget;
			buildConfigurationList = 20002FFB2B01A14B005C7329 /* Build configuration list for PBXNativeTarget "PostosEletricos" */;
			buildPhases = (
				20002FE92B01A149005C7329 /* Sources */,
				20002FEA2B01A149005C7329 /* Frameworks */,
				20002FEB2B01A149005C7329 /* Resources */,
			);
			buildRules = (
			);
			dependencies = (
			);
			name = PostosEletricos;
			packageProductDependencies = (
				207EF3FA2B9CB08900EF46CF /* CombineMoya */,
				207EF3FC2B9CB08900EF46CF /* Moya */,
				207EF3FE2B9CB08900EF46CF /* ReactiveMoya */,
				207EF4002B9CB08900EF46CF /* RxMoya */,
				207EF40C2B9CB2E200EF46CF /* GooglePlaces */,
				207AF3ED2B9EA109002AE17D /* Lottie */,
				20FCF7622BAF1E33004A5495 /* Pulse */,
				20FCF7642BAF1E33004A5495 /* PulseUI */,
				20FCF7722BAF2B5B004A5495 /* Logging */,
				20FCF7752BAF2B6D004A5495 /* PulseLogHandler */,
			);
			productName = PostosEletricos;
			productReference = 20002FED2B01A149005C7329 /* PostosEletricos.app */;
			productType = "com.apple.product-type.application";
		};
/* End PBXNativeTarget section */

/* Begin PBXProject section */
		20002FE52B01A149005C7329 /* Project object */ = {
			isa = PBXProject;
			attributes = {
				BuildIndependentTargetsInParallel = 1;
				LastSwiftUpdateCheck = 1500;
				LastUpgradeCheck = 1530;
				TargetAttributes = {
					20002FEC2B01A149005C7329 = {
						CreatedOnToolsVersion = 15.0.1;
					};
				};
			};
			buildConfigurationList = 20002FE82B01A149005C7329 /* Build configuration list for PBXProject "PostosEletricos" */;
			compatibilityVersion = "Xcode 14.0";
			developmentRegion = "pt-BR";
			hasScannedForEncodings = 0;
			knownRegions = (
				en,
				Base,
				"pt-BR",
			);
			mainGroup = 20002FE42B01A149005C7329;
			packageReferences = (
				207EF3F92B9CB08900EF46CF /* XCRemoteSwiftPackageReference "Moya" */,
				207EF40B2B9CB2E200EF46CF /* XCRemoteSwiftPackageReference "ios-places-sdk" */,
				207AF3EC2B9EA109002AE17D /* XCRemoteSwiftPackageReference "lottie-spm" */,
				20FCF7612BAF1E33004A5495 /* XCRemoteSwiftPackageReference "Pulse" */,
				20FCF7712BAF2B5B004A5495 /* XCRemoteSwiftPackageReference "swift-log" */,
				20FCF7742BAF2B6D004A5495 /* XCRemoteSwiftPackageReference "PulseLogHandler" */,
			);
			productRefGroup = 20002FEE2B01A149005C7329 /* Products */;
			projectDirPath = "";
			projectRoot = "";
			targets = (
				20002FEC2B01A149005C7329 /* PostosEletricos */,
			);
		};
/* End PBXProject section */

/* Begin PBXResourcesBuildPhase section */
		20002FEB2B01A149005C7329 /* Resources */ = {
			isa = PBXResourcesBuildPhase;
			buildActionMask = 2147483647;
			files = (
				20002FF82B01A14B005C7329 /* Preview Assets.xcassets in Resources */,
				20C5ED622BA9EC640092AB11 /* splash-anim.json in Resources */,
				20002FF52B01A14B005C7329 /* Assets.xcassets in Resources */,
				20BA43C82BAF3F1300795AB5 /* Secrets.plist in Resources */,
				207AF3F42B9EA8BA002AE17D /* user-location-anim.json in Resources */,
			);
			runOnlyForDeploymentPostprocessing = 0;
		};
/* End PBXResourcesBuildPhase section */

/* Begin PBXSourcesBuildPhase section */
		20002FE92B01A149005C7329 /* Sources */ = {
			isa = PBXSourcesBuildPhase;
			buildActionMask = 2147483647;
			files = (
				20BA43D82BAF585500795AB5 /* View+Ext.swift in Sources */,
				207EF4112B9CB35000EF46CF /* NetworkConfig.swift in Sources */,
				20BA43D52BAF57AA00795AB5 /* ToastModifier.swift in Sources */,
				208321A42B9FB98B00F83542 /* LocationPreviewLookAroundView.swift in Sources */,
				20CBCD4B2B9CD36E008D01AA /* Injection+PropertyWrapper.swift in Sources */,
				2072183A2BA0B6C4005A136A /* BottomMapDetailsView.swift in Sources */,
				20FCF76A2BAF2AA2004A5495 /* PrintLog.swift in Sources */,
				20FCF7702BAF2B3B004A5495 /* Logging+Ext.swift in Sources */,
				207AF3EB2B9E820A002AE17D /* UIViewController+Ext.swift in Sources */,
				20002FF32B01A149005C7329 /* MapHeaderView.swift in Sources */,
				207AF3E42B9E80B8002AE17D /* URL+Ext.swift in Sources */,
				20BA43CA2BAF3FB400795AB5 /* SecretsManager.swift in Sources */,
				207EF4132B9CB36F00EF46CF /* GooglePlacesResponse.swift in Sources */,
				20FCF7682BAF2361004A5495 /* ShakeDevice+Ext.swift in Sources */,
				20CBCD482B9CD334008D01AA /* Injection+Services.swift in Sources */,
				207EF3F62B9CAFD600EF46CF /* SecretsKeys.swift in Sources */,
				20C0EC4C2BAE3A81009C52FF /* FetchState.swift in Sources */,
				207EF40F2B9CB32500EF46CF /* GoogleMapsAPI.swift in Sources */,
				20C6B1A92BAE20DB00B113F3 /* FindInAreaButton.swift in Sources */,
				207EF3F82B9CAFF500EF46CF /* MapView.swift in Sources */,
				207AF3F22B9EA3C1002AE17D /* MapUserAnnotation.swift in Sources */,
				271B50C62BB8A35100C4C684 /* HProgressView.swift in Sources */,
				20BA43CF2BAF574800795AB5 /* ToastView.swift in Sources */,
				207AF3E22B9E804F002AE17D /* MapApps.swift in Sources */,
				20002FF12B01A149005C7329 /* PostosEletricosApp.swift in Sources */,
				20FCF76C2BAF2AC7004A5495 /* LogHandler.swift in Sources */,
				2031333D2B9CFF470093CDC2 /* LocationService.swift in Sources */,
				271B50C42BB75A9100C4C684 /* AnimatedSplashView.swift in Sources */,
				20CBCD462B9CBE1C008D01AA /* MapViewModel.swift in Sources */,
			);
			runOnlyForDeploymentPostprocessing = 0;
		};
/* End PBXSourcesBuildPhase section */

/* Begin XCBuildConfiguration section */
		20002FF92B01A14B005C7329 /* Debug */ = {
			isa = XCBuildConfiguration;
			buildSettings = {
				ALWAYS_SEARCH_USER_PATHS = NO;
				ASSETCATALOG_COMPILER_GENERATE_SWIFT_ASSET_SYMBOL_EXTENSIONS = YES;
				CLANG_ANALYZER_LOCALIZABILITY_NONLOCALIZED = YES;
				CLANG_ANALYZER_NONNULL = YES;
				CLANG_ANALYZER_NUMBER_OBJECT_CONVERSION = YES_AGGRESSIVE;
				CLANG_CXX_LANGUAGE_STANDARD = "gnu++20";
				CLANG_ENABLE_MODULES = YES;
				CLANG_ENABLE_OBJC_ARC = YES;
				CLANG_ENABLE_OBJC_WEAK = YES;
				CLANG_WARN_BLOCK_CAPTURE_AUTORELEASING = YES;
				CLANG_WARN_BOOL_CONVERSION = YES;
				CLANG_WARN_COMMA = YES;
				CLANG_WARN_CONSTANT_CONVERSION = YES;
				CLANG_WARN_DEPRECATED_OBJC_IMPLEMENTATIONS = YES;
				CLANG_WARN_DIRECT_OBJC_ISA_USAGE = YES_ERROR;
				CLANG_WARN_DOCUMENTATION_COMMENTS = YES;
				CLANG_WARN_EMPTY_BODY = YES;
				CLANG_WARN_ENUM_CONVERSION = YES;
				CLANG_WARN_INFINITE_RECURSION = YES;
				CLANG_WARN_INT_CONVERSION = YES;
				CLANG_WARN_NON_LITERAL_NULL_CONVERSION = YES;
				CLANG_WARN_OBJC_IMPLICIT_RETAIN_SELF = YES;
				CLANG_WARN_OBJC_LITERAL_CONVERSION = YES;
				CLANG_WARN_OBJC_ROOT_CLASS = YES_ERROR;
				CLANG_WARN_QUOTED_INCLUDE_IN_FRAMEWORK_HEADER = YES;
				CLANG_WARN_RANGE_LOOP_ANALYSIS = YES;
				CLANG_WARN_STRICT_PROTOTYPES = YES;
				CLANG_WARN_SUSPICIOUS_MOVE = YES;
				CLANG_WARN_UNGUARDED_AVAILABILITY = YES_AGGRESSIVE;
				CLANG_WARN_UNREACHABLE_CODE = YES;
				CLANG_WARN__DUPLICATE_METHOD_MATCH = YES;
				COPY_PHASE_STRIP = NO;
				DEBUG_INFORMATION_FORMAT = dwarf;
				ENABLE_STRICT_OBJC_MSGSEND = YES;
				ENABLE_TESTABILITY = YES;
				ENABLE_USER_SCRIPT_SANDBOXING = YES;
				GCC_C_LANGUAGE_STANDARD = gnu17;
				GCC_DYNAMIC_NO_PIC = NO;
				GCC_NO_COMMON_BLOCKS = YES;
				GCC_OPTIMIZATION_LEVEL = 0;
				GCC_PREPROCESSOR_DEFINITIONS = (
					"DEBUG=1",
					"$(inherited)",
				);
				GCC_WARN_64_TO_32_BIT_CONVERSION = YES;
				GCC_WARN_ABOUT_RETURN_TYPE = YES_ERROR;
				GCC_WARN_UNDECLARED_SELECTOR = YES;
				GCC_WARN_UNINITIALIZED_AUTOS = YES_AGGRESSIVE;
				GCC_WARN_UNUSED_FUNCTION = YES;
				GCC_WARN_UNUSED_VARIABLE = YES;
				IPHONEOS_DEPLOYMENT_TARGET = 17.0;
				LOCALIZATION_PREFERS_STRING_CATALOGS = YES;
				MTL_ENABLE_DEBUG_INFO = INCLUDE_SOURCE;
				MTL_FAST_MATH = YES;
				ONLY_ACTIVE_ARCH = YES;
				SDKROOT = iphoneos;
				SWIFT_ACTIVE_COMPILATION_CONDITIONS = "DEBUG $(inherited)";
				SWIFT_OPTIMIZATION_LEVEL = "-Onone";
			};
			name = Debug;
		};
		20002FFA2B01A14B005C7329 /* Release */ = {
			isa = XCBuildConfiguration;
			buildSettings = {
				ALWAYS_SEARCH_USER_PATHS = NO;
				ASSETCATALOG_COMPILER_GENERATE_SWIFT_ASSET_SYMBOL_EXTENSIONS = YES;
				CLANG_ANALYZER_LOCALIZABILITY_NONLOCALIZED = YES;
				CLANG_ANALYZER_NONNULL = YES;
				CLANG_ANALYZER_NUMBER_OBJECT_CONVERSION = YES_AGGRESSIVE;
				CLANG_CXX_LANGUAGE_STANDARD = "gnu++20";
				CLANG_ENABLE_MODULES = YES;
				CLANG_ENABLE_OBJC_ARC = YES;
				CLANG_ENABLE_OBJC_WEAK = YES;
				CLANG_WARN_BLOCK_CAPTURE_AUTORELEASING = YES;
				CLANG_WARN_BOOL_CONVERSION = YES;
				CLANG_WARN_COMMA = YES;
				CLANG_WARN_CONSTANT_CONVERSION = YES;
				CLANG_WARN_DEPRECATED_OBJC_IMPLEMENTATIONS = YES;
				CLANG_WARN_DIRECT_OBJC_ISA_USAGE = YES_ERROR;
				CLANG_WARN_DOCUMENTATION_COMMENTS = YES;
				CLANG_WARN_EMPTY_BODY = YES;
				CLANG_WARN_ENUM_CONVERSION = YES;
				CLANG_WARN_INFINITE_RECURSION = YES;
				CLANG_WARN_INT_CONVERSION = YES;
				CLANG_WARN_NON_LITERAL_NULL_CONVERSION = YES;
				CLANG_WARN_OBJC_IMPLICIT_RETAIN_SELF = YES;
				CLANG_WARN_OBJC_LITERAL_CONVERSION = YES;
				CLANG_WARN_OBJC_ROOT_CLASS = YES_ERROR;
				CLANG_WARN_QUOTED_INCLUDE_IN_FRAMEWORK_HEADER = YES;
				CLANG_WARN_RANGE_LOOP_ANALYSIS = YES;
				CLANG_WARN_STRICT_PROTOTYPES = YES;
				CLANG_WARN_SUSPICIOUS_MOVE = YES;
				CLANG_WARN_UNGUARDED_AVAILABILITY = YES_AGGRESSIVE;
				CLANG_WARN_UNREACHABLE_CODE = YES;
				CLANG_WARN__DUPLICATE_METHOD_MATCH = YES;
				COPY_PHASE_STRIP = NO;
				DEBUG_INFORMATION_FORMAT = "dwarf-with-dsym";
				ENABLE_NS_ASSERTIONS = NO;
				ENABLE_STRICT_OBJC_MSGSEND = YES;
				ENABLE_USER_SCRIPT_SANDBOXING = YES;
				GCC_C_LANGUAGE_STANDARD = gnu17;
				GCC_NO_COMMON_BLOCKS = YES;
				GCC_WARN_64_TO_32_BIT_CONVERSION = YES;
				GCC_WARN_ABOUT_RETURN_TYPE = YES_ERROR;
				GCC_WARN_UNDECLARED_SELECTOR = YES;
				GCC_WARN_UNINITIALIZED_AUTOS = YES_AGGRESSIVE;
				GCC_WARN_UNUSED_FUNCTION = YES;
				GCC_WARN_UNUSED_VARIABLE = YES;
				IPHONEOS_DEPLOYMENT_TARGET = 17.0;
				LOCALIZATION_PREFERS_STRING_CATALOGS = YES;
				MTL_ENABLE_DEBUG_INFO = NO;
				MTL_FAST_MATH = YES;
				SDKROOT = iphoneos;
				SWIFT_COMPILATION_MODE = wholemodule;
				VALIDATE_PRODUCT = YES;
			};
			name = Release;
		};
		20002FFC2B01A14B005C7329 /* Debug */ = {
			isa = XCBuildConfiguration;
			buildSettings = {
				ASSETCATALOG_COMPILER_APPICON_NAME = AppIcon;
				ASSETCATALOG_COMPILER_GLOBAL_ACCENT_COLOR_NAME = AccentColor;
				CODE_SIGN_STYLE = Automatic;
				CURRENT_PROJECT_VERSION = 1;
				DEVELOPMENT_ASSET_PATHS = "\"PostosEletricos/Preview Content\"";
				DEVELOPMENT_TEAM = 78X7SZ5896;
				ENABLE_PREVIEWS = YES;
				GENERATE_INFOPLIST_FILE = YES;
				INFOPLIST_FILE = PostosEletricos/Info.plist;
				INFOPLIST_KEY_LSApplicationCategoryType = "";
				INFOPLIST_KEY_NSLocalNetworkUsageDescription = "Network usage required for debugging purposes";
				INFOPLIST_KEY_NSLocationWhenInUseUsageDescription = "Preciso da sua localizacao quando Estiver Usando o APP";
				INFOPLIST_KEY_UIApplicationSceneManifest_Generation = YES;
				INFOPLIST_KEY_UIApplicationSupportsIndirectInputEvents = YES;
				INFOPLIST_KEY_UILaunchScreen_Generation = YES;
				INFOPLIST_KEY_UISupportedInterfaceOrientations_iPad = "UIInterfaceOrientationPortrait UIInterfaceOrientationPortraitUpsideDown UIInterfaceOrientationLandscapeLeft UIInterfaceOrientationLandscapeRight";
				INFOPLIST_KEY_UISupportedInterfaceOrientations_iPhone = "UIInterfaceOrientationPortrait UIInterfaceOrientationLandscapeLeft UIInterfaceOrientationLandscapeRight";
				LD_RUNPATH_SEARCH_PATHS = (
					"$(inherited)",
					"@executable_path/Frameworks",
				);
				MARKETING_VERSION = 1.0;
				PRODUCT_BUNDLE_IDENTIFIER = br.com.devbvrains.postoseletricos;
				PRODUCT_NAME = "$(TARGET_NAME)";
				SWIFT_EMIT_LOC_STRINGS = YES;
				SWIFT_VERSION = 5.0;
				TARGETED_DEVICE_FAMILY = "1,2";
			};
			name = Debug;
		};
		20002FFD2B01A14B005C7329 /* Release */ = {
			isa = XCBuildConfiguration;
			buildSettings = {
				ASSETCATALOG_COMPILER_APPICON_NAME = AppIcon;
				ASSETCATALOG_COMPILER_GLOBAL_ACCENT_COLOR_NAME = AccentColor;
				CODE_SIGN_STYLE = Automatic;
				CURRENT_PROJECT_VERSION = 1;
				DEVELOPMENT_ASSET_PATHS = "\"PostosEletricos/Preview Content\"";
				DEVELOPMENT_TEAM = 78X7SZ5896;
				ENABLE_PREVIEWS = YES;
				GENERATE_INFOPLIST_FILE = YES;
				INFOPLIST_FILE = PostosEletricos/Info.plist;
				INFOPLIST_KEY_LSApplicationCategoryType = "";
				INFOPLIST_KEY_NSLocalNetworkUsageDescription = "Network usage required for debugging purposes";
				INFOPLIST_KEY_NSLocationWhenInUseUsageDescription = "Preciso da sua localizacao quando Estiver Usando o APP";
				INFOPLIST_KEY_UIApplicationSceneManifest_Generation = YES;
				INFOPLIST_KEY_UIApplicationSupportsIndirectInputEvents = YES;
				INFOPLIST_KEY_UILaunchScreen_Generation = YES;
				INFOPLIST_KEY_UISupportedInterfaceOrientations_iPad = "UIInterfaceOrientationPortrait UIInterfaceOrientationPortraitUpsideDown UIInterfaceOrientationLandscapeLeft UIInterfaceOrientationLandscapeRight";
				INFOPLIST_KEY_UISupportedInterfaceOrientations_iPhone = "UIInterfaceOrientationPortrait UIInterfaceOrientationLandscapeLeft UIInterfaceOrientationLandscapeRight";
				LD_RUNPATH_SEARCH_PATHS = (
					"$(inherited)",
					"@executable_path/Frameworks",
				);
				MARKETING_VERSION = 1.0;
				PRODUCT_BUNDLE_IDENTIFIER = br.com.devbvrains.postoseletricos;
				PRODUCT_NAME = "$(TARGET_NAME)";
				SWIFT_EMIT_LOC_STRINGS = YES;
				SWIFT_VERSION = 5.0;
				TARGETED_DEVICE_FAMILY = "1,2";
			};
			name = Release;
		};
/* End XCBuildConfiguration section */

/* Begin XCConfigurationList section */
		20002FE82B01A149005C7329 /* Build configuration list for PBXProject "PostosEletricos" */ = {
			isa = XCConfigurationList;
			buildConfigurations = (
				20002FF92B01A14B005C7329 /* Debug */,
				20002FFA2B01A14B005C7329 /* Release */,
			);
			defaultConfigurationIsVisible = 0;
			defaultConfigurationName = Release;
		};
		20002FFB2B01A14B005C7329 /* Build configuration list for PBXNativeTarget "PostosEletricos" */ = {
			isa = XCConfigurationList;
			buildConfigurations = (
				20002FFC2B01A14B005C7329 /* Debug */,
				20002FFD2B01A14B005C7329 /* Release */,
			);
			defaultConfigurationIsVisible = 0;
			defaultConfigurationName = Release;
		};
/* End XCConfigurationList section */

/* Begin XCRemoteSwiftPackageReference section */
		207AF3EC2B9EA109002AE17D /* XCRemoteSwiftPackageReference "lottie-spm" */ = {
			isa = XCRemoteSwiftPackageReference;
			repositoryURL = "https://github.com/airbnb/lottie-spm.git";
			requirement = {
				kind = upToNextMajorVersion;
				minimumVersion = 4.4.1;
			};
		};
		207EF3F92B9CB08900EF46CF /* XCRemoteSwiftPackageReference "Moya" */ = {
			isa = XCRemoteSwiftPackageReference;
			repositoryURL = "https://github.com/Moya/Moya.git";
			requirement = {
				kind = upToNextMajorVersion;
				minimumVersion = 15.0.3;
			};
		};
		207EF40B2B9CB2E200EF46CF /* XCRemoteSwiftPackageReference "ios-places-sdk" */ = {
			isa = XCRemoteSwiftPackageReference;
			repositoryURL = "https://github.com/googlemaps/ios-places-sdk";
			requirement = {
				kind = upToNextMajorVersion;
				minimumVersion = 8.3.0;
			};
		};
		20FCF7612BAF1E33004A5495 /* XCRemoteSwiftPackageReference "Pulse" */ = {
			isa = XCRemoteSwiftPackageReference;
			repositoryURL = "https://github.com/kean/Pulse";
			requirement = {
				kind = upToNextMajorVersion;
				minimumVersion = 4.0.5;
			};
		};
		20FCF7712BAF2B5B004A5495 /* XCRemoteSwiftPackageReference "swift-log" */ = {
			isa = XCRemoteSwiftPackageReference;
			repositoryURL = "https://github.com/apple/swift-log.git";
			requirement = {
				kind = upToNextMajorVersion;
				minimumVersion = 1.5.4;
			};
		};
		20FCF7742BAF2B6D004A5495 /* XCRemoteSwiftPackageReference "PulseLogHandler" */ = {
			isa = XCRemoteSwiftPackageReference;
			repositoryURL = "https://github.com/kean/PulseLogHandler";
			requirement = {
				kind = upToNextMajorVersion;
				minimumVersion = 4.0.1;
			};
		};
/* End XCRemoteSwiftPackageReference section */

/* Begin XCSwiftPackageProductDependency section */
		207AF3ED2B9EA109002AE17D /* Lottie */ = {
			isa = XCSwiftPackageProductDependency;
			package = 207AF3EC2B9EA109002AE17D /* XCRemoteSwiftPackageReference "lottie-spm" */;
			productName = Lottie;
		};
		207EF3FA2B9CB08900EF46CF /* CombineMoya */ = {
			isa = XCSwiftPackageProductDependency;
			package = 207EF3F92B9CB08900EF46CF /* XCRemoteSwiftPackageReference "Moya" */;
			productName = CombineMoya;
		};
		207EF3FC2B9CB08900EF46CF /* Moya */ = {
			isa = XCSwiftPackageProductDependency;
			package = 207EF3F92B9CB08900EF46CF /* XCRemoteSwiftPackageReference "Moya" */;
			productName = Moya;
		};
		207EF3FE2B9CB08900EF46CF /* ReactiveMoya */ = {
			isa = XCSwiftPackageProductDependency;
			package = 207EF3F92B9CB08900EF46CF /* XCRemoteSwiftPackageReference "Moya" */;
			productName = ReactiveMoya;
		};
		207EF4002B9CB08900EF46CF /* RxMoya */ = {
			isa = XCSwiftPackageProductDependency;
			package = 207EF3F92B9CB08900EF46CF /* XCRemoteSwiftPackageReference "Moya" */;
			productName = RxMoya;
		};
		207EF40C2B9CB2E200EF46CF /* GooglePlaces */ = {
			isa = XCSwiftPackageProductDependency;
			package = 207EF40B2B9CB2E200EF46CF /* XCRemoteSwiftPackageReference "ios-places-sdk" */;
			productName = GooglePlaces;
		};
		20FCF7622BAF1E33004A5495 /* Pulse */ = {
			isa = XCSwiftPackageProductDependency;
			package = 20FCF7612BAF1E33004A5495 /* XCRemoteSwiftPackageReference "Pulse" */;
			productName = Pulse;
		};
		20FCF7642BAF1E33004A5495 /* PulseUI */ = {
			isa = XCSwiftPackageProductDependency;
			package = 20FCF7612BAF1E33004A5495 /* XCRemoteSwiftPackageReference "Pulse" */;
			productName = PulseUI;
		};
		20FCF7722BAF2B5B004A5495 /* Logging */ = {
			isa = XCSwiftPackageProductDependency;
			package = 20FCF7712BAF2B5B004A5495 /* XCRemoteSwiftPackageReference "swift-log" */;
			productName = Logging;
		};
		20FCF7752BAF2B6D004A5495 /* PulseLogHandler */ = {
			isa = XCSwiftPackageProductDependency;
			package = 20FCF7742BAF2B6D004A5495 /* XCRemoteSwiftPackageReference "PulseLogHandler" */;
			productName = PulseLogHandler;
		};
/* End XCSwiftPackageProductDependency section */
	};
	rootObject = 20002FE52B01A149005C7329 /* Project object */;
}
